
Microsoft Visual Studio Solution File, Format Version 12.00
# Visual Studio Version 16
VisualStudioVersion = 16.0.31005.135
MinimumVisualStudioVersion = 10.0.40219.1
Project("{8BC9CEB8-8B4A-11D0-8D11-00A0C91BC942}") = "UnitTest_EdmondsKarp", "UnitTest_EdmondsKarp.vcxproj", "{79D48382-2E50-4DBF-9F41-E38370B4E8B7}"
EndProject
Project("{8BC9CEB8-8B4A-11D0-8D11-00A0C91BC942}") = "EdmondsKarp", "..\EdmondsKarp\EdmondsKarp.vcxproj", "{19109BC9-FB2F-454F-AA36-CE6FBDD04B95}"
EndProject
Global
	GlobalSection(SolutionConfigurationPlatforms) = preSolution
		Debug|x64 = Debug|x64
		Debug|x86 = Debug|x86
		Release|x64 = Release|x64
		Release|x86 = Release|x86
	EndGlobalSection
	GlobalSection(ProjectConfigurationPlatforms) = postSolution
		{79D48382-2E50-4DBF-9F41-E38370B4E8B7}.Debug|x64.ActiveCfg = Debug|x64
		{79D48382-2E50-4DBF-9F41-E38370B4E8B7}.Debug|x64.Build.0 = Debug|x64
		{79D48382-2E50-4DBF-9F41-E38370B4E8B7}.Debug|x86.ActiveCfg = Debug|Win32
		{79D48382-2E50-4DBF-9F41-E38370B4E8B7}.Debug|x86.Build.0 = Debug|Win32
		{79D48382-2E50-4DBF-9F41-E38370B4E8B7}.Release|x64.ActiveCfg = Release|x64
		{79D48382-2E50-4DBF-9F41-E38370B4E8B7}.Release|x64.Build.0 = Release|x64
		{79D48382-2E50-4DBF-9F41-E38370B4E8B7}.Release|x86.ActiveCfg = Release|Win32
		{79D48382-2E50-4DBF-9F41-E38370B4E8B7}.Release|x86.Build.0 = Release|Win32
		{19109BC9-FB2F-454F-AA36-CE6FBDD04B95}.Debug|x64.ActiveCfg = Debug|x64
		{19109BC9-FB2F-454F-AA36-CE6FBDD04B95}.Debug|x64.Build.0 = Debug|x64
		{19109BC9-FB2F-454F-AA36-CE6FBDD04B95}.Debug|x86.ActiveCfg = Debug|Win32
		{19109BC9-FB2F-454F-AA36-CE6FBDD04B95}.Debug|x86.Build.0 = Debug|Win32
		{19109BC9-FB2F-454F-AA36-CE6FBDD04B95}.Release|x64.ActiveCfg = Release|x64
		{19109BC9-FB2F-454F-AA36-CE6FBDD04B95}.Release|x64.Build.0 = Release|x64
		{19109BC9-FB2F-454F-AA36-CE6FBDD04B95}.Release|x86.ActiveCfg = Release|Win32
		{19109BC9-FB2F-454F-AA36-CE6FBDD04B95}.Release|x86.Build.0 = Release|Win32
	EndGlobalSection
	GlobalSection(SolutionProperties) = preSolution
		HideSolutionNode = FALSE
	EndGlobalSection
	GlobalSection(ExtensibilityGlobals) = postSolution
		SolutionGuid = {01D47064-CE4D-4912-A175-BF31AF4899EC}
	EndGlobalSection
EndGlobal
